{
  "version": 4,
  "terraform_version": "0.12.3",
  "serial": 94,
  "lineage": "ed9a0681-53d4-17c0-15c0-ababbd9975a3",
  "outputs": {
    "this_db_instance_address": {
      "value": "st-stage-db-taskapp.czdhior2ps3h.us-west-2.rds.amazonaws.com",
      "type": "string"
    },
    "this_db_instance_arn": {
      "value": "arn:aws:rds:us-west-2:231829596580:db:st-stage-db-taskapp",
      "type": "string"
    },
    "this_db_instance_availability_zone": {
      "value": "us-west-2a",
      "type": "string"
    },
    "this_db_instance_endpoint": {
      "value": "st-stage-db-taskapp.czdhior2ps3h.us-west-2.rds.amazonaws.com:5432",
      "type": "string"
    },
    "this_db_instance_hosted_zone_id": {
      "value": "Z1PVIF0B656C1W",
      "type": "string"
    },
    "this_db_instance_id": {
      "value": "st-stage-db-taskapp",
      "type": "string"
    },
    "this_db_instance_name": {
      "value": "taskapp",
      "type": "string"
    },
    "this_db_instance_password": {
      "value": "7P8Z9jJPcgDwX6WlThjPslvtEAaiKKxj",
      "type": "string"
    },
    "this_db_instance_port": {
      "value": 5432,
      "type": "number"
    },
    "this_db_instance_resource_id": {
      "value": "db-DG4QNDJOYJ5IT4IA7S6KMNZ6KI",
      "type": "string"
    },
    "this_db_instance_status": {
      "value": "available",
      "type": "string"
    },
    "this_db_instance_username": {
      "value": "ndiRacT80DjiJJKu",
      "type": "string"
    },
    "this_db_parameter_group_arn": {
      "value": "arn:aws:rds:us-west-2:231829596580:pg:st-stage-db-taskapp-20190717232253157000000001",
      "type": "string"
    },
    "this_db_parameter_group_id": {
      "value": "st-stage-db-taskapp-20190717232253157000000001",
      "type": "string"
    },
    "this_db_subnet_group_arn": {
      "value": "arn:aws:rds:us-west-2:231829596580:subgrp:st-stage-db-taskapp-20190717232253158000000002",
      "type": "string"
    },
    "this_db_subnet_group_id": {
      "value": "st-stage-db-taskapp-20190717232253158000000002",
      "type": "string"
    }
  },
  "resources": [
    {
      "module": "module.services",
      "mode": "data",
      "type": "aws_iam_policy_document",
      "name": "assume_role_policy",
      "provider": "provider.aws",
      "instances": [
        {
          "schema_version": 0,
          "attributes": {
            "id": "320642683",
            "json": "{\n  \"Version\": \"2012-10-17\",\n  \"Statement\": [\n    {\n      \"Sid\": \"\",\n      \"Effect\": \"Allow\",\n      \"Action\": \"sts:AssumeRole\",\n      \"Principal\": {\n        \"Service\": \"ecs-tasks.amazonaws.com\"\n      }\n    }\n  ]\n}",
            "override_json": null,
            "policy_id": null,
            "source_json": null,
            "statement": [
              {
                "actions": [
                  "sts:AssumeRole"
                ],
                "condition": [],
                "effect": "Allow",
                "not_actions": [],
                "not_principals": [],
                "not_resources": [],
                "principals": [
                  {
                    "identifiers": [
                      "ecs-tasks.amazonaws.com"
                    ],
                    "type": "Service"
                  }
                ],
                "resources": [],
                "sid": ""
              }
            ],
            "version": "2012-10-17"
          }
        }
      ]
    },
    {
      "module": "module.db.module.db_instance",
      "mode": "data",
      "type": "aws_iam_policy_document",
      "name": "enhanced_monitoring",
      "provider": "provider.aws",
      "instances": [
        {
          "schema_version": 0,
          "attributes": {
            "id": "1813475199",
            "json": "{\n  \"Version\": \"2012-10-17\",\n  \"Statement\": [\n    {\n      \"Sid\": \"\",\n      \"Effect\": \"Allow\",\n      \"Action\": \"sts:AssumeRole\",\n      \"Principal\": {\n        \"Service\": \"monitoring.rds.amazonaws.com\"\n      }\n    }\n  ]\n}",
            "override_json": null,
            "policy_id": null,
            "source_json": null,
            "statement": [
              {
                "actions": [
                  "sts:AssumeRole"
                ],
                "condition": [],
                "effect": "Allow",
                "not_actions": [],
                "not_principals": [],
                "not_resources": [],
                "principals": [
                  {
                    "identifiers": [
                      "monitoring.rds.amazonaws.com"
                    ],
                    "type": "Service"
                  }
                ],
                "resources": [],
                "sid": ""
              }
            ],
            "version": "2012-10-17"
          }
        }
      ]
    },
    {
      "mode": "data",
      "type": "aws_security_group",
      "name": "default",
      "provider": "provider.aws",
      "instances": [
        {
          "schema_version": 0,
          "attributes": {
            "arn": "arn:aws:ec2:us-west-2:231829596580:security-group/sg-0b0a2a40",
            "description": "default VPC security group",
            "filter": null,
            "id": "sg-0b0a2a40",
            "name": "default",
            "tags": {},
            "vpc_id": "vpc-758d210d"
          },
          "depends_on": [
            "data.aws_vpc.default"
          ]
        }
      ]
    },
    {
      "module": "module.services",
      "mode": "data",
      "type": "aws_security_group",
      "name": "default",
      "provider": "provider.aws",
      "instances": [
        {
          "schema_version": 0,
          "attributes": {
            "arn": "arn:aws:ec2:us-west-2:231829596580:security-group/sg-0b0a2a40",
            "description": "default VPC security group",
            "filter": null,
            "id": "sg-0b0a2a40",
            "name": "default",
            "tags": {},
            "vpc_id": "vpc-758d210d"
          },
          "depends_on": [
            "data.aws_vpc.default"
          ]
        }
      ]
    },
    {
      "mode": "data",
      "type": "aws_subnet_ids",
      "name": "all",
      "provider": "provider.aws",
      "instances": [
        {
          "schema_version": 0,
          "attributes": {
            "filter": null,
            "id": "vpc-758d210d",
            "ids": [
              "subnet-73cbc329",
              "subnet-bc5168c5",
              "subnet-db0b8bf0",
              "subnet-e1a0fbaa"
            ],
            "tags": null,
            "vpc_id": "vpc-758d210d"
          },
          "depends_on": [
            "data.aws_vpc.default"
          ]
        }
      ]
    },
    {
      "module": "module.services",
      "mode": "data",
      "type": "aws_subnet_ids",
      "name": "all",
      "provider": "provider.aws",
      "instances": [
        {
          "schema_version": 0,
          "attributes": {
            "filter": null,
            "id": "vpc-758d210d",
            "ids": [
              "subnet-73cbc329",
              "subnet-bc5168c5",
              "subnet-db0b8bf0",
              "subnet-e1a0fbaa"
            ],
            "tags": null,
            "vpc_id": "vpc-758d210d"
          },
          "depends_on": [
            "data.aws_vpc.default"
          ]
        }
      ]
    },
    {
      "mode": "data",
      "type": "aws_vpc",
      "name": "default",
      "provider": "provider.aws",
      "instances": [
        {
          "schema_version": 0,
          "attributes": {
            "arn": "arn:aws:ec2:us-west-2:231829596580:vpc/vpc-758d210d",
            "cidr_block": "172.31.0.0/16",
            "cidr_block_associations": [
              {
                "association_id": "vpc-cidr-assoc-da9fe4b0",
                "cidr_block": "172.31.0.0/16",
                "state": "associated"
              }
            ],
            "default": true,
            "dhcp_options_id": "dopt-6e9c3916",
            "enable_dns_hostnames": true,
            "enable_dns_support": true,
            "filter": null,
            "id": "vpc-758d210d",
            "instance_tenancy": "default",
            "ipv6_association_id": null,
            "ipv6_cidr_block": null,
            "main_route_table_id": "rtb-9033bdeb",
            "owner_id": "231829596580",
            "state": "available",
            "tags": {}
          }
        }
      ]
    },
    {
      "module": "module.services",
      "mode": "data",
      "type": "aws_vpc",
      "name": "default",
      "provider": "provider.aws",
      "instances": [
        {
          "schema_version": 0,
          "attributes": {
            "arn": "arn:aws:ec2:us-west-2:231829596580:vpc/vpc-758d210d",
            "cidr_block": "172.31.0.0/16",
            "cidr_block_associations": [
              {
                "association_id": "vpc-cidr-assoc-da9fe4b0",
                "cidr_block": "172.31.0.0/16",
                "state": "associated"
              }
            ],
            "default": true,
            "dhcp_options_id": "dopt-6e9c3916",
            "enable_dns_hostnames": true,
            "enable_dns_support": true,
            "filter": null,
            "id": "vpc-758d210d",
            "instance_tenancy": "default",
            "ipv6_association_id": null,
            "ipv6_cidr_block": null,
            "main_route_table_id": "rtb-9033bdeb",
            "owner_id": "231829596580",
            "state": "available",
            "tags": {}
          }
        }
      ]
    },
    {
      "module": "module.services",
      "mode": "managed",
      "type": "aws_cloudwatch_log_group",
      "name": "logs",
      "provider": "provider.aws",
      "instances": [
        {
          "schema_version": 0,
          "attributes": {
            "arn": "arn:aws:logs:us-west-2:231829596580:log-group:/fargate/service/st-stage-services:*",
            "id": "/fargate/service/st-stage-services",
            "kms_key_id": "",
            "name": "/fargate/service/st-stage-services",
            "name_prefix": null,
            "retention_in_days": 7,
            "tags": {
              "Environment": "stage"
            }
          },
          "private": "bnVsbA=="
        }
      ]
    },
    {
      "module": "module.db.module.db_instance",
      "mode": "managed",
      "type": "aws_db_instance",
      "name": "this",
      "each": "list",
      "provider": "provider.aws",
      "instances": [
        {
          "index_key": 0,
          "schema_version": 0,
          "attributes": {
            "address": "st-stage-db-taskapp.czdhior2ps3h.us-west-2.rds.amazonaws.com",
            "allocated_storage": 20,
            "allow_major_version_upgrade": false,
            "apply_immediately": false,
            "arn": "arn:aws:rds:us-west-2:231829596580:db:st-stage-db-taskapp",
            "auto_minor_version_upgrade": true,
            "availability_zone": "us-west-2a",
            "backup_retention_period": 0,
            "backup_window": "03:00-06:00",
            "ca_cert_identifier": "rds-ca-2015",
            "character_set_name": null,
            "copy_tags_to_snapshot": false,
            "db_subnet_group_name": "st-stage-db-taskapp-20190717232253158000000002",
            "deletion_protection": false,
            "domain": "",
            "domain_iam_role_name": "",
            "enabled_cloudwatch_logs_exports": [],
            "endpoint": "st-stage-db-taskapp.czdhior2ps3h.us-west-2.rds.amazonaws.com:5432",
            "engine": "postgres",
            "engine_version": "10.6",
            "final_snapshot_identifier": "st-stage-db-taskapp",
            "hosted_zone_id": "Z1PVIF0B656C1W",
            "iam_database_authentication_enabled": false,
            "id": "st-stage-db-taskapp",
            "identifier": "st-stage-db-taskapp",
            "identifier_prefix": null,
            "instance_class": "db.t2.micro",
            "iops": 0,
            "kms_key_id": "",
            "license_model": "postgresql-license",
            "maintenance_window": "mon:00:00-mon:03:00",
            "max_allocated_storage": 0,
            "monitoring_interval": 0,
            "monitoring_role_arn": null,
            "multi_az": false,
            "name": "taskapp",
            "option_group_name": "default:postgres-10",
            "parameter_group_name": "st-stage-db-taskapp-20190717232253157000000001",
            "password": "7P8Z9jJPcgDwX6WlThjPslvtEAaiKKxj",
            "performance_insights_enabled": false,
            "performance_insights_kms_key_id": "",
            "performance_insights_retention_period": 0,
            "port": 5432,
            "publicly_accessible": true,
            "replicas": [],
            "replicate_source_db": "",
            "resource_id": "db-DG4QNDJOYJ5IT4IA7S6KMNZ6KI",
            "s3_import": [],
            "security_group_names": [],
            "skip_final_snapshot": true,
            "snapshot_identifier": null,
            "status": "available",
            "storage_encrypted": false,
            "storage_type": "gp2",
            "tags": {
              "Environment": "stage",
              "Name": "st-stage-db-taskapp"
            },
            "timeouts": {
              "create": "40m",
              "delete": "40m",
              "update": "80m"
            },
            "timezone": "",
            "username": "ndiRacT80DjiJJKu",
            "vpc_security_group_ids": [
              "sg-0b0a2a40"
            ]
          },
          "private": "eyJlMmJmYjczMC1lY2FhLTExZTYtOGY4OC0zNDM2M2JjN2M0YzAiOnsiY3JlYXRlIjoyNDAwMDAwMDAwMDAwLCJkZWxldGUiOjI0MDAwMDAwMDAwMDAsInVwZGF0ZSI6NDgwMDAwMDAwMDAwMH19",
          "depends_on": [
            "aws_iam_role.enhanced_monitoring"
          ]
        }
      ]
    },
    {
      "module": "module.db.module.db_instance",
      "mode": "managed",
      "type": "aws_db_instance",
      "name": "this_mssql",
      "each": "list",
      "provider": "provider.aws",
      "instances": []
    },
    {
      "module": "module.db.module.db_option_group",
      "mode": "managed",
      "type": "aws_db_option_group",
      "name": "this",
      "each": "list",
      "provider": "provider.aws",
      "instances": []
    },
    {
      "module": "module.db.module.db_parameter_group",
      "mode": "managed",
      "type": "aws_db_parameter_group",
      "name": "this",
      "each": "list",
      "provider": "provider.aws",
      "instances": [
        {
          "index_key": 0,
          "schema_version": 0,
          "attributes": {
            "arn": "arn:aws:rds:us-west-2:231829596580:pg:st-stage-db-taskapp-20190717232253157000000001",
            "description": "Database parameter group for st-stage-db-taskapp",
            "family": "postgres10",
            "id": "st-stage-db-taskapp-20190717232253157000000001",
            "name": "st-stage-db-taskapp-20190717232253157000000001",
            "name_prefix": "st-stage-db-taskapp-",
            "parameter": [],
            "tags": {
              "Environment": "stage",
              "Name": "st-stage-db-taskapp"
            }
          },
          "private": "bnVsbA=="
        }
      ]
    },
    {
      "module": "module.db.module.db_parameter_group",
      "mode": "managed",
      "type": "aws_db_parameter_group",
      "name": "this_no_prefix",
      "each": "list",
      "provider": "provider.aws",
      "instances": []
    },
    {
      "module": "module.db.module.db_subnet_group",
      "mode": "managed",
      "type": "aws_db_subnet_group",
      "name": "this",
      "each": "list",
      "provider": "provider.aws",
      "instances": [
        {
          "index_key": 0,
          "schema_version": 0,
          "attributes": {
            "arn": "arn:aws:rds:us-west-2:231829596580:subgrp:st-stage-db-taskapp-20190717232253158000000002",
            "description": "Database subnet group for st-stage-db-taskapp",
            "id": "st-stage-db-taskapp-20190717232253158000000002",
            "name": "st-stage-db-taskapp-20190717232253158000000002",
            "name_prefix": "st-stage-db-taskapp-",
            "subnet_ids": [
              "subnet-73cbc329",
              "subnet-bc5168c5",
              "subnet-db0b8bf0",
              "subnet-e1a0fbaa"
            ],
            "tags": {
              "Environment": "stage",
              "Name": "st-stage-db-taskapp"
            }
          },
          "private": "bnVsbA=="
        }
      ]
    },
    {
      "mode": "managed",
      "type": "aws_ecs_cluster",
      "name": "ecs_cluster",
      "provider": "provider.aws",
      "instances": [
        {
          "schema_version": 0,
          "attributes": {
            "arn": "arn:aws:ecs:us-west-2:231829596580:cluster/st-stage-ecs-cluster",
            "id": "arn:aws:ecs:us-west-2:231829596580:cluster/st-stage-ecs-cluster",
            "name": "st-stage-ecs-cluster",
            "tags": {
              "Environment": "stage"
            }
          },
          "private": "bnVsbA=="
        }
      ]
    },
    {
      "module": "module.services",
      "mode": "managed",
      "type": "aws_ecs_service",
      "name": "services",
      "provider": "provider.aws",
      "instances": [
        {
          "schema_version": 0,
          "attributes": {
            "cluster": "arn:aws:ecs:us-west-2:231829596580:cluster/st-stage-ecs-cluster",
            "deployment_controller": [
              {
                "type": "ECS"
              }
            ],
            "deployment_maximum_percent": 100,
            "deployment_minimum_healthy_percent": 0,
            "desired_count": 1,
            "enable_ecs_managed_tags": true,
            "health_check_grace_period_seconds": 0,
            "iam_role": "aws-service-role",
            "id": "arn:aws:ecs:us-west-2:231829596580:service/st-stage-ecs-cluster/services",
            "launch_type": "FARGATE",
            "load_balancer": [],
            "name": "services",
            "network_configuration": [
              {
                "assign_public_ip": false,
                "security_groups": [
                  "sg-0b0a2a40"
                ],
                "subnets": [
                  "subnet-73cbc329",
                  "subnet-bc5168c5",
                  "subnet-db0b8bf0",
                  "subnet-e1a0fbaa"
                ]
              }
            ],
            "ordered_placement_strategy": [],
            "placement_constraints": [],
            "placement_strategy": [],
            "platform_version": "LATEST",
            "propagate_tags": "NONE",
            "scheduling_strategy": "REPLICA",
            "service_registries": [],
            "tags": {
              "Environment": "stage"
            },
            "task_definition": "arn:aws:ecs:us-west-2:231829596580:task-definition/services:6"
          },
          "private": "bnVsbA==",
          "depends_on": [
            "aws_ecs_task_definition.services",
            "data.aws_security_group.default",
            "data.aws_subnet_ids.all"
          ]
        }
      ]
    },
    {
      "module": "module.services",
      "mode": "managed",
      "type": "aws_ecs_task_definition",
      "name": "services",
      "provider": "provider.aws",
      "instances": [
        {
          "schema_version": 1,
          "attributes": {
            "arn": "arn:aws:ecs:us-west-2:231829596580:task-definition/services:10",
            "container_definitions": "[{\"cpu\":0,\"environment\":[],\"essential\":true,\"image\":\"benjohns1/scheduled-tasks-services\",\"logConfiguration\":{\"logDriver\":\"awslogs\",\"options\":{\"awslogs-group\":\"/fargate/service/st-stage-services\",\"awslogs-region\":\"us-west-2\",\"awslogs-stream-prefix\":\"ecs\"}},\"mountPoints\":[],\"name\":\"scheduled-tasks-services\",\"portMappings\":[],\"volumesFrom\":[]}]",
            "cpu": "256",
            "execution_role_arn": "arn:aws:iam::231829596580:role/st-stage-ecs-execution-role",
            "family": "services",
            "id": "services",
            "ipc_mode": null,
            "memory": "512",
            "network_mode": "awsvpc",
            "pid_mode": null,
            "placement_constraints": [],
            "proxy_configuration": [],
            "requires_compatibilities": [
              "FARGATE"
            ],
            "revision": 10,
            "tags": {
              "Environment": "stage"
            },
            "task_role_arn": "arn:aws:iam::231829596580:role/st-stage-ecs-execution-role",
            "volume": []
          },
          "private": "eyJzY2hlbWFfdmVyc2lvbiI6IjEifQ==",
          "depends_on": [
            "aws_iam_role.ecs_execution_role"
          ]
        }
      ]
    },
    {
      "module": "module.services",
      "mode": "managed",
      "type": "aws_iam_policy_attachment",
      "name": "ecs_execution_policy",
      "provider": "provider.aws",
      "instances": [
        {
          "schema_version": 0,
          "attributes": {
            "groups": [],
            "id": "st-stage-ecs-execution-policy",
            "name": "st-stage-ecs-execution-policy",
            "policy_arn": "arn:aws:iam::aws:policy/service-role/AmazonECSTaskExecutionRolePolicy",
            "roles": [
              "st-stage-ecs-execution-role"
            ],
            "users": []
          },
          "private": "bnVsbA==",
          "depends_on": [
            "aws_iam_role.ecs_execution_role"
          ]
        }
      ]
    },
    {
      "module": "module.services",
      "mode": "managed",
      "type": "aws_iam_role",
      "name": "ecs_execution_role",
      "provider": "provider.aws",
      "instances": [
        {
          "schema_version": 0,
          "attributes": {
            "arn": "arn:aws:iam::231829596580:role/st-stage-ecs-execution-role",
            "assume_role_policy": "{\"Version\":\"2012-10-17\",\"Statement\":[{\"Sid\":\"\",\"Effect\":\"Allow\",\"Principal\":{\"Service\":\"ecs-tasks.amazonaws.com\"},\"Action\":\"sts:AssumeRole\"}]}",
            "create_date": "2019-07-18T01:20:05Z",
            "description": "",
            "force_detach_policies": false,
            "id": "st-stage-ecs-execution-role",
            "max_session_duration": 3600,
            "name": "st-stage-ecs-execution-role",
            "name_prefix": null,
            "path": "/",
            "permissions_boundary": null,
            "tags": {},
            "unique_id": "AROATL6Q65GSJX4B7PBRK"
          },
          "private": "bnVsbA==",
          "depends_on": [
            "data.aws_iam_policy_document.assume_role_policy"
          ]
        }
      ]
    },
    {
      "module": "module.db.module.db_instance",
      "mode": "managed",
      "type": "aws_iam_role",
      "name": "enhanced_monitoring",
      "each": "list",
      "provider": "provider.aws",
      "instances": []
    },
    {
      "module": "module.db.module.db_instance",
      "mode": "managed",
      "type": "aws_iam_role_policy_attachment",
      "name": "enhanced_monitoring",
      "each": "list",
      "provider": "provider.aws",
      "instances": []
    }
  ]
}
